# generated by rye
# use `rye lock` or `rye sync` to update this lockfile
#
# last locked with the following flags:
#   pre: false
#   features: []
#   all-features: false
#   with-sources: false
#   generate-hashes: false
#   universal: false

-e file:.
anyio==4.12.0
    # via httpx
attrs==25.4.0
    # via cattrs
    # via requests-cache
cattrs==25.3.0
    # via requests-cache
certifi==2025.11.12
    # via httpcore
    # via httpx
    # via requests
cffi==2.0.0
    # via cryptography
charset-normalizer==3.4.4
    # via niquests
    # via requests
coverage==7.13.0
    # via we-wish-the-perfect-weather
cryptography==46.0.3
    # via we-wish-the-perfect-weather
emoji==2.15.0
    # via we-wish-the-perfect-weather
flatbuffers==25.9.23
    # via openmeteo-sdk
freezegun==1.5.5
    # via we-wish-the-perfect-weather
greenlet==3.3.0
    # via sqlalchemy
h11==0.16.0
    # via httpcore
    # via urllib3-future
httpcore==1.0.9
    # via httpx
httpx==0.28.1
    # via we-wish-the-perfect-weather
idna==3.11
    # via anyio
    # via httpx
    # via requests
    # via url-normalize
isort==7.0.0
    # via we-wish-the-perfect-weather
jh2==5.0.10
    # via urllib3-future
jinja2==3.1.6
    # via we-wish-the-perfect-weather
markupsafe==3.0.3
    # via jinja2
mock==5.2.0
    # via we-wish-the-perfect-weather
niquests==3.15.2
    # via openmeteo-requests
numpy==2.3.5
    # via we-wish-the-perfect-weather
openmeteo-requests==1.7.4
    # via we-wish-the-perfect-weather
openmeteo-sdk==1.23.0
    # via openmeteo-requests
orjson==3.11.5
    # via we-wish-the-perfect-weather
platformdirs==4.5.1
    # via requests-cache
plyer==2.1.0
    # via we-wish-the-perfect-weather
pycodestyle==2.14.0
    # via we-wish-the-perfect-weather
pycparser==2.23
    # via cffi
python-dateutil==2.9.0.post0
    # via freezegun
qh3==1.5.6
    # via urllib3-future
requests==2.32.5
    # via requests-cache
    # via retry-requests
requests-cache==1.2.1
    # via we-wish-the-perfect-weather
retry-requests==2.0.0
    # via we-wish-the-perfect-weather
ruff==0.14.9
    # via we-wish-the-perfect-weather
six==1.17.0
    # via python-dateutil
slack-sdk==3.39.0
    # via we-wish-the-perfect-weather
sqlalchemy==2.0.45
    # via we-wish-the-perfect-weather
typing-extensions==4.15.0
    # via cattrs
    # via sqlalchemy
url-normalize==2.2.1
    # via requests-cache
urllib3==2.6.2
    # via requests
    # via requests-cache
    # via retry-requests
urllib3-future==2.14.908
    # via niquests
wassima==2.0.2
    # via niquests
xmltodict==1.0.2
    # via we-wish-the-perfect-weather
